
Microsoft Visual Studio Solution File, Format Version 12.00
# Visual Studio Version 17
VisualStudioVersion = 17.1.32210.238
MinimumVisualStudioVersion = 10.0.40219.1
Project("{9A19103F-16F7-4668-BE54-9A1E7A4F7556}") = "Crypto.net", "Crypto.net\Crypto.net.csproj", "{CF5935D6-ECA6-4681-8D97-EA33F2B88101}"
EndProject
Project("{FAE04EC0-301F-11D3-BF4B-00C04F79EFBC}") = "EncryptorApp", "EncryptorApp\EncryptorApp.csproj", "{2EE45E4A-272F-4256-BFC3-7FB0924BA64F}"
EndProject
Global
	GlobalSection(SolutionConfigurationPlatforms) = preSolution
		Debug|Any CPU = Debug|Any CPU
		Debug|ARM = Debug|ARM
		Debug|ARM64 = Debug|ARM64
		Debug|x64 = Debug|x64
		Debug|x86 = Debug|x86
		Release|Any CPU = Release|Any CPU
		Release|ARM = Release|ARM
		Release|ARM64 = Release|ARM64
		Release|x64 = Release|x64
		Release|x86 = Release|x86
	EndGlobalSection
	GlobalSection(ProjectConfigurationPlatforms) = postSolution
		{CF5935D6-ECA6-4681-8D97-EA33F2B88101}.Debug|Any CPU.ActiveCfg = Debug|Any CPU
		{CF5935D6-ECA6-4681-8D97-EA33F2B88101}.Debug|Any CPU.Build.0 = Debug|Any CPU
		{CF5935D6-ECA6-4681-8D97-EA33F2B88101}.Debug|ARM.ActiveCfg = Debug|Any CPU
		{CF5935D6-ECA6-4681-8D97-EA33F2B88101}.Debug|ARM.Build.0 = Debug|Any CPU
		{CF5935D6-ECA6-4681-8D97-EA33F2B88101}.Debug|ARM64.ActiveCfg = Debug|Any CPU
		{CF5935D6-ECA6-4681-8D97-EA33F2B88101}.Debug|ARM64.Build.0 = Debug|Any CPU
		{CF5935D6-ECA6-4681-8D97-EA33F2B88101}.Debug|x64.ActiveCfg = Debug|Any CPU
		{CF5935D6-ECA6-4681-8D97-EA33F2B88101}.Debug|x64.Build.0 = Debug|Any CPU
		{CF5935D6-ECA6-4681-8D97-EA33F2B88101}.Debug|x86.ActiveCfg = Debug|Any CPU
		{CF5935D6-ECA6-4681-8D97-EA33F2B88101}.Debug|x86.Build.0 = Debug|Any CPU
		{CF5935D6-ECA6-4681-8D97-EA33F2B88101}.Release|Any CPU.ActiveCfg = Release|Any CPU
		{CF5935D6-ECA6-4681-8D97-EA33F2B88101}.Release|Any CPU.Build.0 = Release|Any CPU
		{CF5935D6-ECA6-4681-8D97-EA33F2B88101}.Release|ARM.ActiveCfg = Release|Any CPU
		{CF5935D6-ECA6-4681-8D97-EA33F2B88101}.Release|ARM.Build.0 = Release|Any CPU
		{CF5935D6-ECA6-4681-8D97-EA33F2B88101}.Release|ARM64.ActiveCfg = Release|Any CPU
		{CF5935D6-ECA6-4681-8D97-EA33F2B88101}.Release|ARM64.Build.0 = Release|Any CPU
		{CF5935D6-ECA6-4681-8D97-EA33F2B88101}.Release|x64.ActiveCfg = Release|Any CPU
		{CF5935D6-ECA6-4681-8D97-EA33F2B88101}.Release|x64.Build.0 = Release|Any CPU
		{CF5935D6-ECA6-4681-8D97-EA33F2B88101}.Release|x86.ActiveCfg = Release|Any CPU
		{CF5935D6-ECA6-4681-8D97-EA33F2B88101}.Release|x86.Build.0 = Release|Any CPU
		{2EE45E4A-272F-4256-BFC3-7FB0924BA64F}.Debug|Any CPU.ActiveCfg = Debug|x64
		{2EE45E4A-272F-4256-BFC3-7FB0924BA64F}.Debug|Any CPU.Build.0 = Debug|x64
		{2EE45E4A-272F-4256-BFC3-7FB0924BA64F}.Debug|Any CPU.Deploy.0 = Debug|x64
		{2EE45E4A-272F-4256-BFC3-7FB0924BA64F}.Debug|ARM.ActiveCfg = Debug|ARM
		{2EE45E4A-272F-4256-BFC3-7FB0924BA64F}.Debug|ARM.Build.0 = Debug|ARM
		{2EE45E4A-272F-4256-BFC3-7FB0924BA64F}.Debug|ARM.Deploy.0 = Debug|ARM
		{2EE45E4A-272F-4256-BFC3-7FB0924BA64F}.Debug|ARM64.ActiveCfg = Debug|ARM64
		{2EE45E4A-272F-4256-BFC3-7FB0924BA64F}.Debug|ARM64.Build.0 = Debug|ARM64
		{2EE45E4A-272F-4256-BFC3-7FB0924BA64F}.Debug|ARM64.Deploy.0 = Debug|ARM64
		{2EE45E4A-272F-4256-BFC3-7FB0924BA64F}.Debug|x64.ActiveCfg = Debug|x64
		{2EE45E4A-272F-4256-BFC3-7FB0924BA64F}.Debug|x64.Build.0 = Debug|x64
		{2EE45E4A-272F-4256-BFC3-7FB0924BA64F}.Debug|x64.Deploy.0 = Debug|x64
		{2EE45E4A-272F-4256-BFC3-7FB0924BA64F}.Debug|x86.ActiveCfg = Debug|x86
		{2EE45E4A-272F-4256-BFC3-7FB0924BA64F}.Debug|x86.Build.0 = Debug|x86
		{2EE45E4A-272F-4256-BFC3-7FB0924BA64F}.Debug|x86.Deploy.0 = Debug|x86
		{2EE45E4A-272F-4256-BFC3-7FB0924BA64F}.Release|Any CPU.ActiveCfg = Release|x64
		{2EE45E4A-272F-4256-BFC3-7FB0924BA64F}.Release|Any CPU.Build.0 = Release|x64
		{2EE45E4A-272F-4256-BFC3-7FB0924BA64F}.Release|Any CPU.Deploy.0 = Release|x64
		{2EE45E4A-272F-4256-BFC3-7FB0924BA64F}.Release|ARM.ActiveCfg = Release|ARM
		{2EE45E4A-272F-4256-BFC3-7FB0924BA64F}.Release|ARM.Build.0 = Release|ARM
		{2EE45E4A-272F-4256-BFC3-7FB0924BA64F}.Release|ARM.Deploy.0 = Release|ARM
		{2EE45E4A-272F-4256-BFC3-7FB0924BA64F}.Release|ARM64.ActiveCfg = Release|ARM64
		{2EE45E4A-272F-4256-BFC3-7FB0924BA64F}.Release|ARM64.Build.0 = Release|ARM64
		{2EE45E4A-272F-4256-BFC3-7FB0924BA64F}.Release|ARM64.Deploy.0 = Release|ARM64
		{2EE45E4A-272F-4256-BFC3-7FB0924BA64F}.Release|x64.ActiveCfg = Release|x64
		{2EE45E4A-272F-4256-BFC3-7FB0924BA64F}.Release|x64.Build.0 = Release|x64
		{2EE45E4A-272F-4256-BFC3-7FB0924BA64F}.Release|x64.Deploy.0 = Release|x64
		{2EE45E4A-272F-4256-BFC3-7FB0924BA64F}.Release|x86.ActiveCfg = Release|x86
		{2EE45E4A-272F-4256-BFC3-7FB0924BA64F}.Release|x86.Build.0 = Release|x86
		{2EE45E4A-272F-4256-BFC3-7FB0924BA64F}.Release|x86.Deploy.0 = Release|x86
	EndGlobalSection
	GlobalSection(SolutionProperties) = preSolution
		HideSolutionNode = FALSE
	EndGlobalSection
	GlobalSection(ExtensibilityGlobals) = postSolution
		SolutionGuid = {85D7256D-42ED-411C-9F0D-F7E2E9D751C8}
	EndGlobalSection
EndGlobal
